
Microsoft Visual Studio Solution File, Format Version 12.00
# Visual Studio Version 16
VisualStudioVersion = 16.0.30320.27
MinimumVisualStudioVersion = 10.0.40219.1
Project("{2150E333-8FDC-42A3-9474-1A3956D46DE8}") = "Solution Items", "Solution Items", "{076F5E31-02C5-440E-A1EC-3F9115D4C1E8}"
	ProjectSection(SolutionItems) = preProject
		..\.gitignore = ..\.gitignore
		..\nuget.config = ..\nuget.config
	EndProjectSection
EndProject
Project("{9A19103F-16F7-4668-BE54-9A1E7A4F7556}") = "AutoPocoIO.MsSql", "..\src\AutoPocoIO.MsSql\AutoPocoIO.MsSql.csproj", "{51E7A40E-D7E0-4CEB-B112-812955DF13BA}"
EndProject
Project("{9A19103F-16F7-4668-BE54-9A1E7A4F7556}") = "AutoPocoIO.MsSql.test", "..\tests\AutoPocoIO.MsSql.test\AutoPocoIO.MsSql.test.csproj", "{0C89CBA2-D9BE-4796-8B3C-74B85D182993}"
EndProject
Project("{D954291E-2A0B-460D-934E-DC6B0785DB48}") = "AutoPocoIO.MsSql.Shared", "..\src\AutoPocoIO.MsSql.Shared\AutoPocoIO.MsSql.Shared.shproj", "{5825D11F-D0C7-497E-AE13-4B11CD38A394}"
EndProject
Project("{D954291E-2A0B-460D-934E-DC6B0785DB48}") = "AutoPocoIO.MsSql.Shared.test", "..\tests\AutoPocoIO.MsSql.Shared.test\AutoPocoIO.MsSql.Shared.test.shproj", "{FACA4E64-6EB9-4F87-AFC7-30AD57223406}"
EndProject
Global
	GlobalSection(SharedMSBuildProjectFiles) = preSolution
		..\tests\AutoPocoIO.MsSql.Shared.test\AutoPocoIO_2X.MsSql.test.projitems*{0c89cba2-d9be-4796-8b3c-74b85d182993}*SharedItemsImports = 5
		..\src\AutoPocoIO.MsSql.Shared\AutoPocoIO.MsSql.Shared.projitems*{51e7a40e-d7e0-4ceb-b112-812955df13ba}*SharedItemsImports = 5
		..\src\AutoPocoIO.MsSql.Shared\AutoPocoIO.MsSql.Shared.projitems*{5825d11f-d0c7-497e-ae13-4b11cd38a394}*SharedItemsImports = 13
		..\tests\AutoPocoIO.MsSql.Shared.test\AutoPocoIO_2X.MsSql.test.projitems*{faca4e64-6eb9-4f87-afc7-30ad57223406}*SharedItemsImports = 13
	EndGlobalSection
	GlobalSection(SolutionConfigurationPlatforms) = preSolution
		Debug|Any CPU = Debug|Any CPU
		Release|Any CPU = Release|Any CPU
	EndGlobalSection
	GlobalSection(ProjectConfigurationPlatforms) = postSolution
		{51E7A40E-D7E0-4CEB-B112-812955DF13BA}.Debug|Any CPU.ActiveCfg = Debug|Any CPU
		{51E7A40E-D7E0-4CEB-B112-812955DF13BA}.Debug|Any CPU.Build.0 = Debug|Any CPU
		{51E7A40E-D7E0-4CEB-B112-812955DF13BA}.Release|Any CPU.ActiveCfg = Release|Any CPU
		{51E7A40E-D7E0-4CEB-B112-812955DF13BA}.Release|Any CPU.Build.0 = Release|Any CPU
		{0C89CBA2-D9BE-4796-8B3C-74B85D182993}.Debug|Any CPU.ActiveCfg = Debug|Any CPU
		{0C89CBA2-D9BE-4796-8B3C-74B85D182993}.Debug|Any CPU.Build.0 = Debug|Any CPU
		{0C89CBA2-D9BE-4796-8B3C-74B85D182993}.Release|Any CPU.ActiveCfg = Release|Any CPU
		{0C89CBA2-D9BE-4796-8B3C-74B85D182993}.Release|Any CPU.Build.0 = Release|Any CPU
	EndGlobalSection
	GlobalSection(SolutionProperties) = preSolution
		HideSolutionNode = FALSE
	EndGlobalSection
	GlobalSection(ExtensibilityGlobals) = postSolution
		SolutionGuid = {5CF94FD6-AC7A-40C9-A3CB-144CDDDCBE9D}
	EndGlobalSection
EndGlobal
